
Microsoft Visual Studio Solution File, Format Version 12.00
# Visual Studio Version 16
VisualStudioVersion = 16.0.30621.155
MinimumVisualStudioVersion = 10.0.40219.1
Project("{FAE04EC0-301F-11D3-BF4B-00C04F79EFBC}") = "Entities", "Entities\Entities.csproj", "{461B4FD4-B8F2-4065-92B7-40C6E9E8C324}"
EndProject
Project("{FAE04EC0-301F-11D3-BF4B-00C04F79EFBC}") = "DataAccess", "DataAccess\DataAccess.csproj", "{E9E7BCFD-FF6A-4F96-958D-285600570141}"
EndProject
Project("{FAE04EC0-301F-11D3-BF4B-00C04F79EFBC}") = "Business", "Business\Business.csproj", "{2A49EDA6-20E9-4F38-90C4-E704CC64142B}"
EndProject
Project("{FAE04EC0-301F-11D3-BF4B-00C04F79EFBC}") = "Core", "Core\Core.csproj", "{3D87FF98-03BE-4F0C-BA9C-3912E6B959A5}"
EndProject
Project("{FAE04EC0-301F-11D3-BF4B-00C04F79EFBC}") = "WebAPI", "WebAPI\WebAPI.csproj", "{D071923B-1C2D-4736-A873-813FF586DD91}"
EndProject
Global
	GlobalSection(SolutionConfigurationPlatforms) = preSolution
		Debug|Any CPU = Debug|Any CPU
		Release|Any CPU = Release|Any CPU
	EndGlobalSection
	GlobalSection(ProjectConfigurationPlatforms) = postSolution
		{461B4FD4-B8F2-4065-92B7-40C6E9E8C324}.Debug|Any CPU.ActiveCfg = Debug|Any CPU
		{461B4FD4-B8F2-4065-92B7-40C6E9E8C324}.Debug|Any CPU.Build.0 = Debug|Any CPU
		{461B4FD4-B8F2-4065-92B7-40C6E9E8C324}.Release|Any CPU.ActiveCfg = Release|Any CPU
		{461B4FD4-B8F2-4065-92B7-40C6E9E8C324}.Release|Any CPU.Build.0 = Release|Any CPU
		{E9E7BCFD-FF6A-4F96-958D-285600570141}.Debug|Any CPU.ActiveCfg = Debug|Any CPU
		{E9E7BCFD-FF6A-4F96-958D-285600570141}.Debug|Any CPU.Build.0 = Debug|Any CPU
		{E9E7BCFD-FF6A-4F96-958D-285600570141}.Release|Any CPU.ActiveCfg = Release|Any CPU
		{E9E7BCFD-FF6A-4F96-958D-285600570141}.Release|Any CPU.Build.0 = Release|Any CPU
		{2A49EDA6-20E9-4F38-90C4-E704CC64142B}.Debug|Any CPU.ActiveCfg = Debug|Any CPU
		{2A49EDA6-20E9-4F38-90C4-E704CC64142B}.Debug|Any CPU.Build.0 = Debug|Any CPU
		{2A49EDA6-20E9-4F38-90C4-E704CC64142B}.Release|Any CPU.ActiveCfg = Release|Any CPU
		{2A49EDA6-20E9-4F38-90C4-E704CC64142B}.Release|Any CPU.Build.0 = Release|Any CPU
		{3D87FF98-03BE-4F0C-BA9C-3912E6B959A5}.Debug|Any CPU.ActiveCfg = Debug|Any CPU
		{3D87FF98-03BE-4F0C-BA9C-3912E6B959A5}.Debug|Any CPU.Build.0 = Debug|Any CPU
		{3D87FF98-03BE-4F0C-BA9C-3912E6B959A5}.Release|Any CPU.ActiveCfg = Release|Any CPU
		{3D87FF98-03BE-4F0C-BA9C-3912E6B959A5}.Release|Any CPU.Build.0 = Release|Any CPU
		{D071923B-1C2D-4736-A873-813FF586DD91}.Debug|Any CPU.ActiveCfg = Debug|Any CPU
		{D071923B-1C2D-4736-A873-813FF586DD91}.Debug|Any CPU.Build.0 = Debug|Any CPU
		{D071923B-1C2D-4736-A873-813FF586DD91}.Release|Any CPU.ActiveCfg = Release|Any CPU
		{D071923B-1C2D-4736-A873-813FF586DD91}.Release|Any CPU.Build.0 = Release|Any CPU
	EndGlobalSection
	GlobalSection(SolutionProperties) = preSolution
		HideSolutionNode = FALSE
	EndGlobalSection
	GlobalSection(ExtensibilityGlobals) = postSolution
		SolutionGuid = {3A31E180-BE81-48AA-BCFF-E3375A671F85}
	EndGlobalSection
EndGlobal
